
Microsoft Visual Studio Solution File, Format Version 12.00
# Visual Studio 14
VisualStudioVersion = 14.0.25420.1
MinimumVisualStudioVersion = 10.0.40219.1
Project("{2150E333-8FDC-42A3-9474-1A3956D46DE8}") = "Solution Items", "Solution Items", "{7A67B3F4-F6C9-4FB8-8106-E47A2F4A43BA}"
	ProjectSection(SolutionItems) = preProject
		global.json = global.json
	EndProjectSection
EndProject
Project("{2150E333-8FDC-42A3-9474-1A3956D46DE8}") = "src", "src", "{9383E626-EAD6-4BDA-B367-A1392B71C9B7}"
EndProject
Project("{2150E333-8FDC-42A3-9474-1A3956D46DE8}") = "test", "test", "{5DAE0E4A-8070-4375-93A1-CFF100F5AE08}"
EndProject
Project("{8BB2217D-0F2D-49D1-97BC-3654ED321F3B}") = "zxm.AspNetCore.Authentication.Hmac", "src\zxm.AspNetCore.Authentication.Hmac\zxm.AspNetCore.Authentication.Hmac.xproj", "{B484E88B-B96B-402C-979A-7605046C2E67}"
EndProject
Project("{8BB2217D-0F2D-49D1-97BC-3654ED321F3B}") = "zxm.AspNetCore.Authorization.Hmac", "src\zxm.AspNetCore.Authorization.Hmac\zxm.AspNetCore.Authorization.Hmac.xproj", "{B0B5E2F2-2B19-4156-B0B9-2423B5C6B1FC}"
EndProject
Project("{8BB2217D-0F2D-49D1-97BC-3654ED321F3B}") = "zxm.AspNetCore.Authentication.Hmac.Signature", "src\zxm.AspNetCore.Authentication.Hmac.Signature\zxm.AspNetCore.Authentication.Hmac.Signature.xproj", "{C21C01F3-6DE3-4536-BCDF-DCD0C87CA0F6}"
EndProject
Project("{8BB2217D-0F2D-49D1-97BC-3654ED321F3B}") = "zxm.AspNetCore.Authentication.Hmac.Identity", "src\zxm.AspNetCore.Authentication.Hmac.Identity\zxm.AspNetCore.Authentication.Hmac.Identity.xproj", "{909D84AA-1BC5-4F4F-9155-C7833CD4FCDE}"
EndProject
Project("{8BB2217D-0F2D-49D1-97BC-3654ED321F3B}") = "zxm.AspNetCore.Security.Tests", "test\zxm.AspNetCore.Security.Tests\zxm.AspNetCore.Security.Tests.xproj", "{3539BDC7-7684-4C44-A8A5-EA5EF016766F}"
EndProject
Project("{2150E333-8FDC-42A3-9474-1A3956D46DE8}") = "tool", "tool", "{134F9C88-69A0-4816-926F-95833A78424A}"
EndProject
Project("{FAE04EC0-301F-11D3-BF4B-00C04F79EFBC}") = "zxm.AspNetCore.Security.TestTool", "zxm.AspNetCore.Security.TestTool\zxm.AspNetCore.Security.TestTool.csproj", "{13F40D97-9306-4E6A-B433-E8226C00366A}"
EndProject
Project("{8BB2217D-0F2D-49D1-97BC-3654ED321F3B}") = "zxm.AspNetCore.Hmac.Client", "src\zxm.AspNetCore.Hmac.Client\zxm.AspNetCore.Hmac.Client.xproj", "{57C0F520-BBBD-40FA-A91F-F75B3051CA21}"
EndProject
Global
	GlobalSection(SolutionConfigurationPlatforms) = preSolution
		Debug|Any CPU = Debug|Any CPU
		Release|Any CPU = Release|Any CPU
	EndGlobalSection
	GlobalSection(ProjectConfigurationPlatforms) = postSolution
		{B484E88B-B96B-402C-979A-7605046C2E67}.Debug|Any CPU.ActiveCfg = Debug|Any CPU
		{B484E88B-B96B-402C-979A-7605046C2E67}.Debug|Any CPU.Build.0 = Debug|Any CPU
		{B484E88B-B96B-402C-979A-7605046C2E67}.Release|Any CPU.ActiveCfg = Release|Any CPU
		{B484E88B-B96B-402C-979A-7605046C2E67}.Release|Any CPU.Build.0 = Release|Any CPU
		{B0B5E2F2-2B19-4156-B0B9-2423B5C6B1FC}.Debug|Any CPU.ActiveCfg = Debug|Any CPU
		{B0B5E2F2-2B19-4156-B0B9-2423B5C6B1FC}.Debug|Any CPU.Build.0 = Debug|Any CPU
		{B0B5E2F2-2B19-4156-B0B9-2423B5C6B1FC}.Release|Any CPU.ActiveCfg = Release|Any CPU
		{B0B5E2F2-2B19-4156-B0B9-2423B5C6B1FC}.Release|Any CPU.Build.0 = Release|Any CPU
		{C21C01F3-6DE3-4536-BCDF-DCD0C87CA0F6}.Debug|Any CPU.ActiveCfg = Debug|Any CPU
		{C21C01F3-6DE3-4536-BCDF-DCD0C87CA0F6}.Debug|Any CPU.Build.0 = Debug|Any CPU
		{C21C01F3-6DE3-4536-BCDF-DCD0C87CA0F6}.Release|Any CPU.ActiveCfg = Release|Any CPU
		{C21C01F3-6DE3-4536-BCDF-DCD0C87CA0F6}.Release|Any CPU.Build.0 = Release|Any CPU
		{909D84AA-1BC5-4F4F-9155-C7833CD4FCDE}.Debug|Any CPU.ActiveCfg = Debug|Any CPU
		{909D84AA-1BC5-4F4F-9155-C7833CD4FCDE}.Debug|Any CPU.Build.0 = Debug|Any CPU
		{909D84AA-1BC5-4F4F-9155-C7833CD4FCDE}.Release|Any CPU.ActiveCfg = Release|Any CPU
		{909D84AA-1BC5-4F4F-9155-C7833CD4FCDE}.Release|Any CPU.Build.0 = Release|Any CPU
		{3539BDC7-7684-4C44-A8A5-EA5EF016766F}.Debug|Any CPU.ActiveCfg = Debug|Any CPU
		{3539BDC7-7684-4C44-A8A5-EA5EF016766F}.Debug|Any CPU.Build.0 = Debug|Any CPU
		{3539BDC7-7684-4C44-A8A5-EA5EF016766F}.Release|Any CPU.ActiveCfg = Release|Any CPU
		{3539BDC7-7684-4C44-A8A5-EA5EF016766F}.Release|Any CPU.Build.0 = Release|Any CPU
		{13F40D97-9306-4E6A-B433-E8226C00366A}.Debug|Any CPU.ActiveCfg = Debug|Any CPU
		{13F40D97-9306-4E6A-B433-E8226C00366A}.Debug|Any CPU.Build.0 = Debug|Any CPU
		{13F40D97-9306-4E6A-B433-E8226C00366A}.Release|Any CPU.ActiveCfg = Release|Any CPU
		{13F40D97-9306-4E6A-B433-E8226C00366A}.Release|Any CPU.Build.0 = Release|Any CPU
		{57C0F520-BBBD-40FA-A91F-F75B3051CA21}.Debug|Any CPU.ActiveCfg = Debug|Any CPU
		{57C0F520-BBBD-40FA-A91F-F75B3051CA21}.Debug|Any CPU.Build.0 = Debug|Any CPU
		{57C0F520-BBBD-40FA-A91F-F75B3051CA21}.Release|Any CPU.ActiveCfg = Release|Any CPU
		{57C0F520-BBBD-40FA-A91F-F75B3051CA21}.Release|Any CPU.Build.0 = Release|Any CPU
	EndGlobalSection
	GlobalSection(SolutionProperties) = preSolution
		HideSolutionNode = FALSE
	EndGlobalSection
	GlobalSection(NestedProjects) = preSolution
		{B484E88B-B96B-402C-979A-7605046C2E67} = {9383E626-EAD6-4BDA-B367-A1392B71C9B7}
		{B0B5E2F2-2B19-4156-B0B9-2423B5C6B1FC} = {9383E626-EAD6-4BDA-B367-A1392B71C9B7}
		{C21C01F3-6DE3-4536-BCDF-DCD0C87CA0F6} = {9383E626-EAD6-4BDA-B367-A1392B71C9B7}
		{909D84AA-1BC5-4F4F-9155-C7833CD4FCDE} = {9383E626-EAD6-4BDA-B367-A1392B71C9B7}
		{3539BDC7-7684-4C44-A8A5-EA5EF016766F} = {5DAE0E4A-8070-4375-93A1-CFF100F5AE08}
		{13F40D97-9306-4E6A-B433-E8226C00366A} = {134F9C88-69A0-4816-926F-95833A78424A}
		{57C0F520-BBBD-40FA-A91F-F75B3051CA21} = {9383E626-EAD6-4BDA-B367-A1392B71C9B7}
	EndGlobalSection
EndGlobal
