
Microsoft Visual Studio Solution File, Format Version 12.00
# Visual Studio 14
VisualStudioVersion = 14.0.25420.1
MinimumVisualStudioVersion = 10.0.40219.1
Project("{2150E333-8FDC-42A3-9474-1A3956D46DE8}") = "Solution Items", "Solution Items", "{7A67B3F4-F6C9-4FB8-8106-E47A2F4A43BA}"
	ProjectSection(SolutionItems) = preProject
		global.json = global.json
	EndProjectSection
EndProject
Project("{2150E333-8FDC-42A3-9474-1A3956D46DE8}") = "src", "src", "{9383E626-EAD6-4BDA-B367-A1392B71C9B7}"
EndProject
Project("{2150E333-8FDC-42A3-9474-1A3956D46DE8}") = "test", "test", "{5DAE0E4A-8070-4375-93A1-CFF100F5AE08}"
EndProject
Project("{8BB2217D-0F2D-49D1-97BC-3654ED321F3B}") = "zxm.AspNetCore.Authentication.Bearer", "src\zxm.AspNetCore.Authentication.Bearer\zxm.AspNetCore.Authentication.Bearer.xproj", "{7CF2A7CF-D353-4750-AA41-B3D9697B84C5}"
EndProject
Project("{8BB2217D-0F2D-49D1-97BC-3654ED321F3B}") = "zxm.AspNetCore.Authentication.Bearer.Tests", "test\zxm.AspNetCore.Authentication.Bearer.Tests\zxm.AspNetCore.Authentication.Bearer.Tests.xproj", "{46D58ADB-BE52-4762-A717-5EB0AFD5A937}"
EndProject
Global
	GlobalSection(SolutionConfigurationPlatforms) = preSolution
		Debug|Any CPU = Debug|Any CPU
		Release|Any CPU = Release|Any CPU
	EndGlobalSection
	GlobalSection(ProjectConfigurationPlatforms) = postSolution
		{7CF2A7CF-D353-4750-AA41-B3D9697B84C5}.Debug|Any CPU.ActiveCfg = Debug|Any CPU
		{7CF2A7CF-D353-4750-AA41-B3D9697B84C5}.Debug|Any CPU.Build.0 = Debug|Any CPU
		{7CF2A7CF-D353-4750-AA41-B3D9697B84C5}.Release|Any CPU.ActiveCfg = Release|Any CPU
		{7CF2A7CF-D353-4750-AA41-B3D9697B84C5}.Release|Any CPU.Build.0 = Release|Any CPU
		{46D58ADB-BE52-4762-A717-5EB0AFD5A937}.Debug|Any CPU.ActiveCfg = Debug|Any CPU
		{46D58ADB-BE52-4762-A717-5EB0AFD5A937}.Debug|Any CPU.Build.0 = Debug|Any CPU
		{46D58ADB-BE52-4762-A717-5EB0AFD5A937}.Release|Any CPU.ActiveCfg = Release|Any CPU
		{46D58ADB-BE52-4762-A717-5EB0AFD5A937}.Release|Any CPU.Build.0 = Release|Any CPU
	EndGlobalSection
	GlobalSection(SolutionProperties) = preSolution
		HideSolutionNode = FALSE
	EndGlobalSection
	GlobalSection(NestedProjects) = preSolution
		{7CF2A7CF-D353-4750-AA41-B3D9697B84C5} = {9383E626-EAD6-4BDA-B367-A1392B71C9B7}
		{46D58ADB-BE52-4762-A717-5EB0AFD5A937} = {5DAE0E4A-8070-4375-93A1-CFF100F5AE08}
	EndGlobalSection
EndGlobal
